
Microsoft Visual Studio Solution File, Format Version 12.00
# Visual Studio 2012
Project("{FAE04EC0-301F-11D3-BF4B-00C04F79EFBC}") = "UnityVS.Garbage.CSharp", "UnityVS.Garbage.CSharp.csproj", "{CBAD36A9-6F75-7C95-96A5-68A0E73AFB69}"
EndProject
Project("{FAE04EC0-301F-11D3-BF4B-00C04F79EFBC}") = "UnityVS.Garbage.CSharp.Editor", "UnityVS.Garbage.CSharp.Editor.csproj", "{4512A2D2-B59A-009A-0649-F93404CA927D}"
EndProject
Project("{FAE04EC0-301F-11D3-BF4B-00C04F79EFBC}") = "UnityVS.Garbage.CSharp.Plugins", "UnityVS.Garbage.CSharp.Plugins.csproj", "{BC68063E-738D-8056-B7A8-BB7A4ECB9188}"
EndProject
Global
	GlobalSection(SolutionConfigurationPlatforms) = preSolution
		Debug|Any CPU = Debug|Any CPU
		Release|Any CPU = Release|Any CPU
	EndGlobalSection
	GlobalSection(ProjectConfigurationPlatforms) = postSolution
		{CBAD36A9-6F75-7C95-96A5-68A0E73AFB69}.Debug|Any CPU.ActiveCfg = Debug|Any CPU
		{CBAD36A9-6F75-7C95-96A5-68A0E73AFB69}.Debug|Any CPU.Build.0 = Debug|Any CPU
		{CBAD36A9-6F75-7C95-96A5-68A0E73AFB69}.Release|Any CPU.ActiveCfg = Release|Any CPU
		{CBAD36A9-6F75-7C95-96A5-68A0E73AFB69}.Release|Any CPU.Build.0 = Release|Any CPU
		{4512A2D2-B59A-009A-0649-F93404CA927D}.Debug|Any CPU.ActiveCfg = Debug|Any CPU
		{4512A2D2-B59A-009A-0649-F93404CA927D}.Debug|Any CPU.Build.0 = Debug|Any CPU
		{4512A2D2-B59A-009A-0649-F93404CA927D}.Release|Any CPU.ActiveCfg = Release|Any CPU
		{4512A2D2-B59A-009A-0649-F93404CA927D}.Release|Any CPU.Build.0 = Release|Any CPU
		{BC68063E-738D-8056-B7A8-BB7A4ECB9188}.Debug|Any CPU.ActiveCfg = Debug|Any CPU
		{BC68063E-738D-8056-B7A8-BB7A4ECB9188}.Debug|Any CPU.Build.0 = Debug|Any CPU
		{BC68063E-738D-8056-B7A8-BB7A4ECB9188}.Release|Any CPU.ActiveCfg = Release|Any CPU
		{BC68063E-738D-8056-B7A8-BB7A4ECB9188}.Release|Any CPU.Build.0 = Release|Any CPU
	EndGlobalSection
	GlobalSection(SolutionProperties) = preSolution
		HideSolutionNode = FALSE
	EndGlobalSection
EndGlobal
